// !$*UTF8*$!
{
	archiveVersion = 1;
	classes = {
	};
	objectVersion = 46;
	objects = {

/* Begin PBXBuildFile section */
		2D41609F17A43C3500D485FA /* UIKit.framework in Frameworks */ = {isa = PBXBuildFile; fileRef = 2D41609E17A43C3500D485FA /* UIKit.framework */; };
		2D4160A117A43C3500D485FA /* Foundation.framework in Frameworks */ = {isa = PBXBuildFile; fileRef = 2D4160A017A43C3500D485FA /* Foundation.framework */; };
		2D4160A317A43C3500D485FA /* CoreGraphics.framework in Frameworks */ = {isa = PBXBuildFile; fileRef = 2D4160A217A43C3500D485FA /* CoreGraphics.framework */; };
		2D4160A917A43C3500D485FA /* InfoPlist.strings in Resources */ = {isa = PBXBuildFile; fileRef = 2D4160A717A43C3500D485FA /* InfoPlist.strings */; };
		2D4160AB17A43C3500D485FA /* main.m in Sources */ = {isa = PBXBuildFile; fileRef = 2D4160AA17A43C3500D485FA /* main.m */; };
		2D4160AF17A43C3500D485FA /* RAAppDelegate.m in Sources */ = {isa = PBXBuildFile; fileRef = 2D4160AE17A43C3500D485FA /* RAAppDelegate.m */; };
		2D4160BD17A43C3600D485FA /* SenTestingKit.framework in Frameworks */ = {isa = PBXBuildFile; fileRef = 2D4160BC17A43C3600D485FA /* SenTestingKit.framework */; };
		2D4160BE17A43C3600D485FA /* UIKit.framework in Frameworks */ = {isa = PBXBuildFile; fileRef = 2D41609E17A43C3500D485FA /* UIKit.framework */; };
		2D4160BF17A43C3600D485FA /* Foundation.framework in Frameworks */ = {isa = PBXBuildFile; fileRef = 2D4160A017A43C3500D485FA /* Foundation.framework */; };
		2D4160C717A43C3600D485FA /* InfoPlist.strings in Resources */ = {isa = PBXBuildFile; fileRef = 2D4160C517A43C3600D485FA /* InfoPlist.strings */; };
		2D4160CA17A43C3600D485FA /* RASqliteTests.m in Sources */ = {isa = PBXBuildFile; fileRef = 2D4160C917A43C3600D485FA /* RASqliteTests.m */; };
		2D4160D517A43FD000D485FA /* libsqlite3.dylib in Frameworks */ = {isa = PBXBuildFile; fileRef = 2D4160D417A43FD000D485FA /* libsqlite3.dylib */; };
		2D4160D817A4406B00D485FA /* RAUserListViewController.m in Sources */ = {isa = PBXBuildFile; fileRef = 2D4160D717A4406B00D485FA /* RAUserListViewController.m */; };
		2D4160DB17A4462A00D485FA /* RASqlite.m in Sources */ = {isa = PBXBuildFile; fileRef = 2D4160DA17A4462A00D485FA /* RASqlite.m */; };
/* End PBXBuildFile section */

/* Begin PBXContainerItemProxy section */
		2D4160C017A43C3600D485FA /* PBXContainerItemProxy */ = {
			isa = PBXContainerItemProxy;
			containerPortal = 2D41609317A43C3500D485FA /* Project object */;
			proxyType = 1;
			remoteGlobalIDString = 2D41609A17A43C3500D485FA;
			remoteInfo = RASqlite;
		};
/* End PBXContainerItemProxy section */

/* Begin PBXFileReference section */
		2D41609B17A43C3500D485FA /* RASqlite.app */ = {isa = PBXFileReference; explicitFileType = wrapper.application; includeInIndex = 0; path = RASqlite.app; sourceTree = BUILT_PRODUCTS_DIR; };
		2D41609E17A43C3500D485FA /* UIKit.framework */ = {isa = PBXFileReference; lastKnownFileType = wrapper.framework; name = UIKit.framework; path = System/Library/Frameworks/UIKit.framework; sourceTree = SDKROOT; };
		2D4160A017A43C3500D485FA /* Foundation.framework */ = {isa = PBXFileReference; lastKnownFileType = wrapper.framework; name = Foundation.framework; path = System/Library/Frameworks/Foundation.framework; sourceTree = SDKROOT; };
		2D4160A217A43C3500D485FA /* CoreGraphics.framework */ = {isa = PBXFileReference; lastKnownFileType = wrapper.framework; name = CoreGraphics.framework; path = System/Library/Frameworks/CoreGraphics.framework; sourceTree = SDKROOT; };
		2D4160A617A43C3500D485FA /* RASqlite-Info.plist */ = {isa = PBXFileReference; lastKnownFileType = text.plist.xml; path = "RASqlite-Info.plist"; sourceTree = "<group>"; };
		2D4160A817A43C3500D485FA /* en */ = {isa = PBXFileReference; lastKnownFileType = text.plist.strings; name = en; path = en.lproj/InfoPlist.strings; sourceTree = "<group>"; };
		2D4160AA17A43C3500D485FA /* main.m */ = {isa = PBXFileReference; lastKnownFileType = sourcecode.c.objc; path = main.m; sourceTree = "<group>"; };
		2D4160AC17A43C3500D485FA /* RASqlite-Prefix.pch */ = {isa = PBXFileReference; lastKnownFileType = sourcecode.c.h; path = "RASqlite-Prefix.pch"; sourceTree = "<group>"; };
		2D4160AD17A43C3500D485FA /* RAAppDelegate.h */ = {isa = PBXFileReference; lastKnownFileType = sourcecode.c.h; path = RAAppDelegate.h; sourceTree = "<group>"; };
		2D4160AE17A43C3500D485FA /* RAAppDelegate.m */ = {isa = PBXFileReference; lastKnownFileType = sourcecode.c.objc; path = RAAppDelegate.m; sourceTree = "<group>"; };
		2D4160BB17A43C3600D485FA /* RASqliteTests.octest */ = {isa = PBXFileReference; explicitFileType = wrapper.cfbundle; includeInIndex = 0; path = RASqliteTests.octest; sourceTree = BUILT_PRODUCTS_DIR; };
		2D4160BC17A43C3600D485FA /* SenTestingKit.framework */ = {isa = PBXFileReference; lastKnownFileType = wrapper.framework; name = SenTestingKit.framework; path = Library/Frameworks/SenTestingKit.framework; sourceTree = DEVELOPER_DIR; };
		2D4160C417A43C3600D485FA /* RASqliteTests-Info.plist */ = {isa = PBXFileReference; lastKnownFileType = text.plist.xml; path = "RASqliteTests-Info.plist"; sourceTree = "<group>"; };
		2D4160C617A43C3600D485FA /* en */ = {isa = PBXFileReference; lastKnownFileType = text.plist.strings; name = en; path = en.lproj/InfoPlist.strings; sourceTree = "<group>"; };
		2D4160C817A43C3600D485FA /* RASqliteTests.h */ = {isa = PBXFileReference; lastKnownFileType = sourcecode.c.h; path = RASqliteTests.h; sourceTree = "<group>"; };
		2D4160C917A43C3600D485FA /* RASqliteTests.m */ = {isa = PBXFileReference; lastKnownFileType = sourcecode.c.objc; path = RASqliteTests.m; sourceTree = "<group>"; };
		2D4160D417A43FD000D485FA /* libsqlite3.dylib */ = {isa = PBXFileReference; lastKnownFileType = "compiled.mach-o.dylib"; name = libsqlite3.dylib; path = usr/lib/libsqlite3.dylib; sourceTree = SDKROOT; };
		2D4160D617A4406B00D485FA /* RAUserListViewController.h */ = {isa = PBXFileReference; fileEncoding = 4; lastKnownFileType = sourcecode.c.h; path = RAUserListViewController.h; sourceTree = "<group>"; };
		2D4160D717A4406B00D485FA /* RAUserListViewController.m */ = {isa = PBXFileReference; fileEncoding = 4; lastKnownFileType = sourcecode.c.objc; path = RAUserListViewController.m; sourceTree = "<group>"; };
		2D4160D917A4462A00D485FA /* RASqlite.h */ = {isa = PBXFileReference; fileEncoding = 4; lastKnownFileType = sourcecode.c.h; path = RASqlite.h; sourceTree = "<group>"; };
		2D4160DA17A4462A00D485FA /* RASqlite.m */ = {isa = PBXFileReference; fileEncoding = 4; lastKnownFileType = sourcecode.c.objc; path = RASqlite.m; sourceTree = "<group>"; };
/* End PBXFileReference section */

/* Begin PBXFrameworksBuildPhase section */
		2D41609817A43C3500D485FA /* Frameworks */ = {
			isa = PBXFrameworksBuildPhase;
			buildActionMask = 2147483647;
			files = (
				2D4160D517A43FD000D485FA /* libsqlite3.dylib in Frameworks */,
				2D41609F17A43C3500D485FA /* UIKit.framework in Frameworks */,
				2D4160A117A43C3500D485FA /* Foundation.framework in Frameworks */,
				2D4160A317A43C3500D485FA /* CoreGraphics.framework in Frameworks */,
			);
			runOnlyForDeploymentPostprocessing = 0;
		};
		2D4160B717A43C3600D485FA /* Frameworks */ = {
			isa = PBXFrameworksBuildPhase;
			buildActionMask = 2147483647;
			files = (
				2D4160BD17A43C3600D485FA /* SenTestingKit.framework in Frameworks */,
				2D4160BE17A43C3600D485FA /* UIKit.framework in Frameworks */,
				2D4160BF17A43C3600D485FA /* Foundation.framework in Frameworks */,
			);
			runOnlyForDeploymentPostprocessing = 0;
		};
/* End PBXFrameworksBuildPhase section */

/* Begin PBXGroup section */
		2D41609217A43C3500D485FA = {
			isa = PBXGroup;
			children = (
				2D4160A417A43C3500D485FA /* RASqlite */,
				2D4160D317A43E8B00D485FA /* RASqliteSample */,
				2D4160C217A43C3600D485FA /* RASqliteTests */,
				2D41609D17A43C3500D485FA /* Frameworks */,
				2D41609C17A43C3500D485FA /* Products */,
			);
			sourceTree = "<group>";
		};
		2D41609C17A43C3500D485FA /* Products */ = {
			isa = PBXGroup;
			children = (
				2D41609B17A43C3500D485FA /* RASqlite.app */,
				2D4160BB17A43C3600D485FA /* RASqliteTests.octest */,
			);
			name = Products;
			sourceTree = "<group>";
		};
		2D41609D17A43C3500D485FA /* Frameworks */ = {
			isa = PBXGroup;
			children = (
				2D4160A217A43C3500D485FA /* CoreGraphics.framework */,
				2D4160A017A43C3500D485FA /* Foundation.framework */,
				2D4160D417A43FD000D485FA /* libsqlite3.dylib */,
				2D4160BC17A43C3600D485FA /* SenTestingKit.framework */,
				2D41609E17A43C3500D485FA /* UIKit.framework */,
			);
			name = Frameworks;
			sourceTree = "<group>";
		};
		2D4160A417A43C3500D485FA /* RASqlite */ = {
			isa = PBXGroup;
			children = (
				2D4160D917A4462A00D485FA /* RASqlite.h */,
				2D4160DA17A4462A00D485FA /* RASqlite.m */,
			);
			path = RASqlite;
			sourceTree = "<group>";
		};
		2D4160A517A43C3500D485FA /* Supporting Files */ = {
			isa = PBXGroup;
			children = (
				2D4160A717A43C3500D485FA /* InfoPlist.strings */,
				2D4160AA17A43C3500D485FA /* main.m */,
				2D4160AD17A43C3500D485FA /* RAAppDelegate.h */,
				2D4160AE17A43C3500D485FA /* RAAppDelegate.m */,
				2D4160A617A43C3500D485FA /* RASqlite-Info.plist */,
				2D4160AC17A43C3500D485FA /* RASqlite-Prefix.pch */,
			);
			name = "Supporting Files";
			path = ../RASqlite;
			sourceTree = "<group>";
		};
		2D4160C217A43C3600D485FA /* RASqliteTests */ = {
			isa = PBXGroup;
			children = (
				2D4160C817A43C3600D485FA /* RASqliteTests.h */,
				2D4160C917A43C3600D485FA /* RASqliteTests.m */,
				2D4160C317A43C3600D485FA /* Supporting Files */,
			);
			path = RASqliteTests;
			sourceTree = "<group>";
		};
		2D4160C317A43C3600D485FA /* Supporting Files */ = {
			isa = PBXGroup;
			children = (
				2D4160C417A43C3600D485FA /* RASqliteTests-Info.plist */,
				2D4160C517A43C3600D485FA /* InfoPlist.strings */,
			);
			name = "Supporting Files";
			sourceTree = "<group>";
		};
		2D4160D317A43E8B00D485FA /* RASqliteSample */ = {
			isa = PBXGroup;
			children = (
				2D4160D617A4406B00D485FA /* RAUserListViewController.h */,
				2D4160D717A4406B00D485FA /* RAUserListViewController.m */,
				2D4160A517A43C3500D485FA /* Supporting Files */,
			);
			path = RASqliteSample;
			sourceTree = "<group>";
		};
/* End PBXGroup section */

/* Begin PBXNativeTarget section */
		2D41609A17A43C3500D485FA /* RASqlite */ = {
			isa = PBXNativeTarget;
			buildConfigurationList = 2D4160CD17A43C3600D485FA /* Build configuration list for PBXNativeTarget "RASqlite" */;
			buildPhases = (
				2D41609717A43C3500D485FA /* Sources */,
				2D41609817A43C3500D485FA /* Frameworks */,
				2D41609917A43C3500D485FA /* Resources */,
			);
			buildRules = (
			);
			dependencies = (
			);
			name = RASqlite;
			productName = RASqlite;
			productReference = 2D41609B17A43C3500D485FA /* RASqlite.app */;
			productType = "com.apple.product-type.application";
		};
		2D4160BA17A43C3600D485FA /* RASqliteTests */ = {
			isa = PBXNativeTarget;
			buildConfigurationList = 2D4160D017A43C3600D485FA /* Build configuration list for PBXNativeTarget "RASqliteTests" */;
			buildPhases = (
				2D4160B617A43C3600D485FA /* Sources */,
				2D4160B717A43C3600D485FA /* Frameworks */,
				2D4160B817A43C3600D485FA /* Resources */,
				2D4160B917A43C3600D485FA /* ShellScript */,
			);
			buildRules = (
			);
			dependencies = (
				2D4160C117A43C3600D485FA /* PBXTargetDependency */,
			);
			name = RASqliteTests;
			productName = RASqliteTests;
			productReference = 2D4160BB17A43C3600D485FA /* RASqliteTests.octest */;
			productType = "com.apple.product-type.bundle";
		};
/* End PBXNativeTarget section */

/* Begin PBXProject section */
		2D41609317A43C3500D485FA /* Project object */ = {
			isa = PBXProject;
			attributes = {
				CLASSPREFIX = RA;
				LastUpgradeCheck = 0460;
				ORGANIZATIONNAME = "The Developer Blog";
			};
			buildConfigurationList = 2D41609617A43C3500D485FA /* Build configuration list for PBXProject "RASqlite" */;
			compatibilityVersion = "Xcode 3.2";
			developmentRegion = English;
			hasScannedForEncodings = 0;
			knownRegions = (
				en,
			);
			mainGroup = 2D41609217A43C3500D485FA;
			productRefGroup = 2D41609C17A43C3500D485FA /* Products */;
			projectDirPath = "";
			projectRoot = "";
			targets = (
				2D41609A17A43C3500D485FA /* RASqlite */,
				2D4160BA17A43C3600D485FA /* RASqliteTests */,
			);
		};
/* End PBXProject section */

/* Begin PBXResourcesBuildPhase section */
		2D41609917A43C3500D485FA /* Resources */ = {
			isa = PBXResourcesBuildPhase;
			buildActionMask = 2147483647;
			files = (
				2D4160A917A43C3500D485FA /* InfoPlist.strings in Resources */,
			);
			runOnlyForDeploymentPostprocessing = 0;
		};
		2D4160B817A43C3600D485FA /* Resources */ = {
			isa = PBXResourcesBuildPhase;
			buildActionMask = 2147483647;
			files = (
				2D4160C717A43C3600D485FA /* InfoPlist.strings in Resources */,
			);
			runOnlyForDeploymentPostprocessing = 0;
		};
/* End PBXResourcesBuildPhase section */

/* Begin PBXShellScriptBuildPhase section */
		2D4160B917A43C3600D485FA /* ShellScript */ = {
			isa = PBXShellScriptBuildPhase;
			buildActionMask = 2147483647;
			files = (
			);
			inputPaths = (
			);
			outputPaths = (
			);
			runOnlyForDeploymentPostprocessing = 0;
			shellPath = /bin/sh;
			shellScript = "# Run the unit tests in this test bundle.\n\"${SYSTEM_DEVELOPER_DIR}/Tools/RunUnitTests\"\n";
		};
/* End PBXShellScriptBuildPhase section */

/* Begin PBXSourcesBuildPhase section */
		2D41609717A43C3500D485FA /* Sources */ = {
			isa = PBXSourcesBuildPhase;
			buildActionMask = 2147483647;
			files = (
				2D4160AB17A43C3500D485FA /* main.m in Sources */,
				2D4160AF17A43C3500D485FA /* RAAppDelegate.m in Sources */,
				2D4160D817A4406B00D485FA /* RAUserListViewController.m in Sources */,
				2D4160DB17A4462A00D485FA /* RASqlite.m in Sources */,
			);
			runOnlyForDeploymentPostprocessing = 0;
		};
		2D4160B617A43C3600D485FA /* Sources */ = {
			isa = PBXSourcesBuildPhase;
			buildActionMask = 2147483647;
			files = (
				2D4160CA17A43C3600D485FA /* RASqliteTests.m in Sources */,
			);
			runOnlyForDeploymentPostprocessing = 0;
		};
/* End PBXSourcesBuildPhase section */

/* Begin PBXTargetDependency section */
		2D4160C117A43C3600D485FA /* PBXTargetDependency */ = {
			isa = PBXTargetDependency;
			target = 2D41609A17A43C3500D485FA /* RASqlite */;
			targetProxy = 2D4160C017A43C3600D485FA /* PBXContainerItemProxy */;
		};
/* End PBXTargetDependency section */

/* Begin PBXVariantGroup section */
		2D4160A717A43C3500D485FA /* InfoPlist.strings */ = {
			isa = PBXVariantGroup;
			children = (
				2D4160A817A43C3500D485FA /* en */,
			);
			name = InfoPlist.strings;
			sourceTree = "<group>";
		};
		2D4160C517A43C3600D485FA /* InfoPlist.strings */ = {
			isa = PBXVariantGroup;
			children = (
				2D4160C617A43C3600D485FA /* en */,
			);
			name = InfoPlist.strings;
			sourceTree = "<group>";
		};
/* End PBXVariantGroup section */

/* Begin XCBuildConfiguration section */
		2D4160CB17A43C3600D485FA /* Debug */ = {
			isa = XCBuildConfiguration;
			buildSettings = {
				ALWAYS_SEARCH_USER_PATHS = NO;
				CLANG_CXX_LANGUAGE_STANDARD = "gnu++0x";
				CLANG_CXX_LIBRARY = "libc++";
				CLANG_ENABLE_OBJC_ARC = YES;
				CLANG_WARN_CONSTANT_CONVERSION = YES;
				CLANG_WARN_EMPTY_BODY = YES;
				CLANG_WARN_ENUM_CONVERSION = YES;
				CLANG_WARN_INT_CONVERSION = YES;
				CLANG_WARN__DUPLICATE_METHOD_MATCH = YES;
				"CODE_SIGN_IDENTITY[sdk=iphoneos*]" = "iPhone Developer";
				COPY_PHASE_STRIP = NO;
				GCC_C_LANGUAGE_STANDARD = gnu99;
				GCC_DYNAMIC_NO_PIC = NO;
				GCC_OPTIMIZATION_LEVEL = 0;
				GCC_PREPROCESSOR_DEFINITIONS = (
					"DEBUG=1",
					"$(inherited)",
				);
				GCC_SYMBOLS_PRIVATE_EXTERN = NO;
				GCC_WARN_ABOUT_RETURN_TYPE = YES;
				GCC_WARN_UNINITIALIZED_AUTOS = YES;
				GCC_WARN_UNUSED_VARIABLE = YES;
				IPHONEOS_DEPLOYMENT_TARGET = 6.1;
				ONLY_ACTIVE_ARCH = YES;
				SDKROOT = iphoneos;
				TARGETED_DEVICE_FAMILY = "1,2";
			};
			name = Debug;
		};
		2D4160CC17A43C3600D485FA /* Release */ = {
			isa = XCBuildConfiguration;
			buildSettings = {
				ALWAYS_SEARCH_USER_PATHS = NO;
				CLANG_CXX_LANGUAGE_STANDARD = "gnu++0x";
				CLANG_CXX_LIBRARY = "libc++";
				CLANG_ENABLE_OBJC_ARC = YES;
				CLANG_WARN_CONSTANT_CONVERSION = YES;
				CLANG_WARN_EMPTY_BODY = YES;
				CLANG_WARN_ENUM_CONVERSION = YES;
				CLANG_WARN_INT_CONVERSION = YES;
				CLANG_WARN__DUPLICATE_METHOD_MATCH = YES;
				"CODE_SIGN_IDENTITY[sdk=iphoneos*]" = "iPhone Developer";
				COPY_PHASE_STRIP = YES;
				GCC_C_LANGUAGE_STANDARD = gnu99;
				GCC_WARN_ABOUT_RETURN_TYPE = YES;
				GCC_WARN_UNINITIALIZED_AUTOS = YES;
				GCC_WARN_UNUSED_VARIABLE = YES;
				IPHONEOS_DEPLOYMENT_TARGET = 6.1;
				OTHER_CFLAGS = "-DNS_BLOCK_ASSERTIONS=1";
				SDKROOT = iphoneos;
				TARGETED_DEVICE_FAMILY = "1,2";
				VALIDATE_PRODUCT = YES;
			};
			name = Release;
		};
		2D4160CE17A43C3600D485FA /* Debug */ = {
			isa = XCBuildConfiguration;
			buildSettings = {
				GCC_PRECOMPILE_PREFIX_HEADER = YES;
				GCC_PREFIX_HEADER = "RASqlite/RASqlite-Prefix.pch";
				INFOPLIST_FILE = "RASqlite/RASqlite-Info.plist";
				PRODUCT_NAME = "$(TARGET_NAME)";
				WRAPPER_EXTENSION = app;
			};
			name = Debug;
		};
		2D4160CF17A43C3600D485FA /* Release */ = {
			isa = XCBuildConfiguration;
			buildSettings = {
				GCC_PRECOMPILE_PREFIX_HEADER = YES;
				GCC_PREFIX_HEADER = "RASqlite/RASqlite-Prefix.pch";
				INFOPLIST_FILE = "RASqlite/RASqlite-Info.plist";
				PRODUCT_NAME = "$(TARGET_NAME)";
				WRAPPER_EXTENSION = app;
			};
			name = Release;
		};
		2D4160D117A43C3600D485FA /* Debug */ = {
			isa = XCBuildConfiguration;
			buildSettings = {
				BUNDLE_LOADER = "$(BUILT_PRODUCTS_DIR)/RASqlite.app/RASqlite";
				FRAMEWORK_SEARCH_PATHS = (
					"\"$(SDKROOT)/Developer/Library/Frameworks\"",
					"\"$(DEVELOPER_LIBRARY_DIR)/Frameworks\"",
				);
				GCC_PRECOMPILE_PREFIX_HEADER = YES;
				GCC_PREFIX_HEADER = "RASqlite/RASqlite-Prefix.pch";
				INFOPLIST_FILE = "RASqliteTests/RASqliteTests-Info.plist";
				PRODUCT_NAME = "$(TARGET_NAME)";
				TEST_HOST = "$(BUNDLE_LOADER)";
				WRAPPER_EXTENSION = octest;
			};
			name = Debug;
		};
		2D4160D217A43C3600D485FA /* Release */ = {
			isa = XCBuildConfiguration;
			buildSettings = {
				BUNDLE_LOADER = "$(BUILT_PRODUCTS_DIR)/RASqlite.app/RASqlite";
				FRAMEWORK_SEARCH_PATHS = (
					"\"$(SDKROOT)/Developer/Library/Frameworks\"",
					"\"$(DEVELOPER_LIBRARY_DIR)/Frameworks\"",
				);
				GCC_PRECOMPILE_PREFIX_HEADER = YES;
				GCC_PREFIX_HEADER = "RASqlite/RASqlite-Prefix.pch";
				INFOPLIST_FILE = "RASqliteTests/RASqliteTests-Info.plist";
				PRODUCT_NAME = "$(TARGET_NAME)";
				TEST_HOST = "$(BUNDLE_LOADER)";
				WRAPPER_EXTENSION = octest;
			};
			name = Release;
		};
/* End XCBuildConfiguration section */

/* Begin XCConfigurationList section */
		2D41609617A43C3500D485FA /* Build configuration list for PBXProject "RASqlite" */ = {
			isa = XCConfigurationList;
			buildConfigurations = (
				2D4160CB17A43C3600D485FA /* Debug */,
				2D4160CC17A43C3600D485FA /* Release */,
			);
			defaultConfigurationIsVisible = 0;
			defaultConfigurationName = Release;
		};
		2D4160CD17A43C3600D485FA /* Build configuration list for PBXNativeTarget "RASqlite" */ = {
			isa = XCConfigurationList;
			buildConfigurations = (
				2D4160CE17A43C3600D485FA /* Debug */,
				2D4160CF17A43C3600D485FA /* Release */,
			);
			defaultConfigurationIsVisible = 0;
		};
		2D4160D017A43C3600D485FA /* Build configuration list for PBXNativeTarget "RASqliteTests" */ = {
			isa = XCConfigurationList;
			buildConfigurations = (
				2D4160D117A43C3600D485FA /* Debug */,
				2D4160D217A43C3600D485FA /* Release */,
			);
			defaultConfigurationIsVisible = 0;
		};
/* End XCConfigurationList section */
	};
	rootObject = 2D41609317A43C3500D485FA /* Project object */;
}
