// !$*UTF8*$!
{
	archiveVersion = 1;
	classes = {
	};
	objectVersion = 46;
	objects = {

/* Begin PBXBuildFile section */
		2D3C78EE1834701400259D3E /* NSMutableDictionary+RASqlite.m in Sources */ = {isa = PBXBuildFile; fileRef = 2D3C78ED1834701400259D3E /* NSMutableDictionary+RASqlite.m */; };
		2D3C78F11834707B00259D3E /* NSDictionary+RASqlite.m in Sources */ = {isa = PBXBuildFile; fileRef = 2D3C78F01834707B00259D3E /* NSDictionary+RASqlite.m */; };
		2D5992AB181D1B780006A177 /* Foundation.framework in Frameworks */ = {isa = PBXBuildFile; fileRef = 2D5992AA181D1B780006A177 /* Foundation.framework */; };
		2D5992AE181D1B780006A177 /* main.m in Sources */ = {isa = PBXBuildFile; fileRef = 2D5992AD181D1B780006A177 /* main.m */; };
		2D5992B7181D1C080006A177 /* libsqlite3.dylib in Frameworks */ = {isa = PBXBuildFile; fileRef = 2D5992B6181D1C080006A177 /* libsqlite3.dylib */; };
		2D5992BC181D26610006A177 /* RASqlite.m in Sources */ = {isa = PBXBuildFile; fileRef = 2D5992BB181D26610006A177 /* RASqlite.m */; };
		2DE1B55118281C5500CF85B2 /* RATerminalModel.m in Sources */ = {isa = PBXBuildFile; fileRef = 2DE1B55018281C5500CF85B2 /* RATerminalModel.m */; };
		2DF94A8318332B75004F6D8E /* NSError+RASqlite.m in Sources */ = {isa = PBXBuildFile; fileRef = 2DF94A8218332B75004F6D8E /* NSError+RASqlite.m */; };
/* End PBXBuildFile section */

/* Begin PBXCopyFilesBuildPhase section */
		2D5992A5181D1B780006A177 /* CopyFiles */ = {
			isa = PBXCopyFilesBuildPhase;
			buildActionMask = 2147483647;
			dstPath = /usr/share/man/man1/;
			dstSubfolderSpec = 0;
			files = (
			);
			runOnlyForDeploymentPostprocessing = 1;
		};
/* End PBXCopyFilesBuildPhase section */

/* Begin PBXFileReference section */
		2D1D7472182EDBA70049BB3A /* license.txt */ = {isa = PBXFileReference; fileEncoding = 4; lastKnownFileType = text; path = license.txt; sourceTree = "<group>"; };
		2D1D7473182EDBA70049BB3A /* README.md */ = {isa = PBXFileReference; fileEncoding = 4; lastKnownFileType = text; path = README.md; sourceTree = "<group>"; };
		2D3C78EC1834701400259D3E /* NSMutableDictionary+RASqlite.h */ = {isa = PBXFileReference; fileEncoding = 4; lastKnownFileType = sourcecode.c.h; name = "NSMutableDictionary+RASqlite.h"; path = "RASqlite/NSMutableDictionary+RASqlite.h"; sourceTree = "<group>"; };
		2D3C78ED1834701400259D3E /* NSMutableDictionary+RASqlite.m */ = {isa = PBXFileReference; fileEncoding = 4; lastKnownFileType = sourcecode.c.objc; name = "NSMutableDictionary+RASqlite.m"; path = "RASqlite/NSMutableDictionary+RASqlite.m"; sourceTree = "<group>"; };
		2D3C78EF1834707B00259D3E /* NSDictionary+RASqlite.h */ = {isa = PBXFileReference; fileEncoding = 4; lastKnownFileType = sourcecode.c.h; name = "NSDictionary+RASqlite.h"; path = "RASqlite/NSDictionary+RASqlite.h"; sourceTree = "<group>"; };
		2D3C78F01834707B00259D3E /* NSDictionary+RASqlite.m */ = {isa = PBXFileReference; fileEncoding = 4; lastKnownFileType = sourcecode.c.objc; name = "NSDictionary+RASqlite.m"; path = "RASqlite/NSDictionary+RASqlite.m"; sourceTree = "<group>"; };
		2D5992A7181D1B780006A177 /* Terminal */ = {isa = PBXFileReference; explicitFileType = "compiled.mach-o.executable"; includeInIndex = 0; path = Terminal; sourceTree = BUILT_PRODUCTS_DIR; };
		2D5992AA181D1B780006A177 /* Foundation.framework */ = {isa = PBXFileReference; lastKnownFileType = wrapper.framework; name = Foundation.framework; path = System/Library/Frameworks/Foundation.framework; sourceTree = SDKROOT; };
		2D5992AD181D1B780006A177 /* main.m */ = {isa = PBXFileReference; lastKnownFileType = sourcecode.c.objc; path = main.m; sourceTree = "<group>"; };
		2D5992B0181D1B780006A177 /* Terminal-Prefix.pch */ = {isa = PBXFileReference; lastKnownFileType = sourcecode.c.h; path = "Terminal-Prefix.pch"; sourceTree = "<group>"; };
		2D5992B6181D1C080006A177 /* libsqlite3.dylib */ = {isa = PBXFileReference; lastKnownFileType = "compiled.mach-o.dylib"; name = libsqlite3.dylib; path = usr/lib/libsqlite3.dylib; sourceTree = SDKROOT; };
		2D5992BA181D26610006A177 /* RASqlite.h */ = {isa = PBXFileReference; fileEncoding = 4; lastKnownFileType = sourcecode.c.h; name = RASqlite.h; path = RASqlite/RASqlite.h; sourceTree = "<group>"; };
		2D5992BB181D26610006A177 /* RASqlite.m */ = {isa = PBXFileReference; fileEncoding = 4; lastKnownFileType = sourcecode.c.objc; name = RASqlite.m; path = RASqlite/RASqlite.m; sourceTree = "<group>"; };
		2DE1B54F18281C5500CF85B2 /* RATerminalModel.h */ = {isa = PBXFileReference; fileEncoding = 4; lastKnownFileType = sourcecode.c.h; path = RATerminalModel.h; sourceTree = "<group>"; };
		2DE1B55018281C5500CF85B2 /* RATerminalModel.m */ = {isa = PBXFileReference; fileEncoding = 4; lastKnownFileType = sourcecode.c.objc; path = RATerminalModel.m; sourceTree = "<group>"; };
		2DF94A8118332B75004F6D8E /* NSError+RASqlite.h */ = {isa = PBXFileReference; fileEncoding = 4; lastKnownFileType = sourcecode.c.h; name = "NSError+RASqlite.h"; path = "RASqlite/NSError+RASqlite.h"; sourceTree = "<group>"; };
		2DF94A8218332B75004F6D8E /* NSError+RASqlite.m */ = {isa = PBXFileReference; fileEncoding = 4; lastKnownFileType = sourcecode.c.objc; name = "NSError+RASqlite.m"; path = "RASqlite/NSError+RASqlite.m"; sourceTree = "<group>"; };
/* End PBXFileReference section */

/* Begin PBXFrameworksBuildPhase section */
		2D5992A4181D1B780006A177 /* Frameworks */ = {
			isa = PBXFrameworksBuildPhase;
			buildActionMask = 2147483647;
			files = (
				2D5992B7181D1C080006A177 /* libsqlite3.dylib in Frameworks */,
				2D5992AB181D1B780006A177 /* Foundation.framework in Frameworks */,
			);
			runOnlyForDeploymentPostprocessing = 0;
		};
/* End PBXFrameworksBuildPhase section */

/* Begin PBXGroup section */
		2D26F779182C1C930043E0C3 /* Model */ = {
			isa = PBXGroup;
			children = (
				2DE1B54F18281C5500CF85B2 /* RATerminalModel.h */,
				2DE1B55018281C5500CF85B2 /* RATerminalModel.m */,
			);
			name = Model;
			sourceTree = "<group>";
		};
		2D3C78F2183473AE00259D3E /* Row */ = {
			isa = PBXGroup;
			children = (
				2D3C78EC1834701400259D3E /* NSMutableDictionary+RASqlite.h */,
				2D3C78ED1834701400259D3E /* NSMutableDictionary+RASqlite.m */,
				2D3C78EF1834707B00259D3E /* NSDictionary+RASqlite.h */,
				2D3C78F01834707B00259D3E /* NSDictionary+RASqlite.m */,
			);
			name = Row;
			sourceTree = "<group>";
		};
		2D59929C181D1B470006A177 = {
			isa = PBXGroup;
			children = (
				2D5992B9181D25DE0006A177 /* RASqlite */,
				2D5992AC181D1B780006A177 /* Terminal */,
				2D5992A8181D1B780006A177 /* Products */,
				2D5992A9181D1B780006A177 /* Frameworks */,
			);
			sourceTree = "<group>";
		};
		2D5992A8181D1B780006A177 /* Products */ = {
			isa = PBXGroup;
			children = (
				2D5992A7181D1B780006A177 /* Terminal */,
			);
			name = Products;
			sourceTree = "<group>";
		};
		2D5992A9181D1B780006A177 /* Frameworks */ = {
			isa = PBXGroup;
			children = (
				2D5992B6181D1C080006A177 /* libsqlite3.dylib */,
				2D5992AA181D1B780006A177 /* Foundation.framework */,
			);
			name = Frameworks;
			sourceTree = "<group>";
		};
		2D5992AC181D1B780006A177 /* Terminal */ = {
			isa = PBXGroup;
			children = (
				2D26F779182C1C930043E0C3 /* Model */,
				2D5992AD181D1B780006A177 /* main.m */,
				2D5992AF181D1B780006A177 /* Supporting Files */,
			);
			path = Terminal;
			sourceTree = "<group>";
		};
		2D5992AF181D1B780006A177 /* Supporting Files */ = {
			isa = PBXGroup;
			children = (
				2D5992B0181D1B780006A177 /* Terminal-Prefix.pch */,
			);
			name = "Supporting Files";
			sourceTree = "<group>";
		};
		2D5992B9181D25DE0006A177 /* RASqlite */ = {
			isa = PBXGroup;
			children = (
				2D1D7472182EDBA70049BB3A /* license.txt */,
				2DF94A8118332B75004F6D8E /* NSError+RASqlite.h */,
				2DF94A8218332B75004F6D8E /* NSError+RASqlite.m */,
				2D5992BA181D26610006A177 /* RASqlite.h */,
				2D5992BB181D26610006A177 /* RASqlite.m */,
				2D1D7473182EDBA70049BB3A /* README.md */,
				2D3C78F2183473AE00259D3E /* Row */,
			);
			name = RASqlite;
			sourceTree = "<group>";
		};
/* End PBXGroup section */

/* Begin PBXNativeTarget section */
		2D5992A6181D1B780006A177 /* Terminal */ = {
			isa = PBXNativeTarget;
			buildConfigurationList = 2D5992B3181D1B780006A177 /* Build configuration list for PBXNativeTarget "Terminal" */;
			buildPhases = (
				2D5992A3181D1B780006A177 /* Sources */,
				2D5992A4181D1B780006A177 /* Frameworks */,
				2D5992A5181D1B780006A177 /* CopyFiles */,
			);
			buildRules = (
			);
			dependencies = (
			);
			name = Terminal;
			productName = Terminal;
			productReference = 2D5992A7181D1B780006A177 /* Terminal */;
			productType = "com.apple.product-type.tool";
		};
/* End PBXNativeTarget section */

/* Begin PBXProject section */
		2D59929D181D1B470006A177 /* Project object */ = {
			isa = PBXProject;
			attributes = {
				CLASSPREFIX = RA;
				LastUpgradeCheck = 0500;
				ORGANIZATIONNAME = Raatiniemi;
			};
			buildConfigurationList = 2D5992A0181D1B470006A177 /* Build configuration list for PBXProject "RASqlite" */;
			compatibilityVersion = "Xcode 3.2";
			developmentRegion = English;
			hasScannedForEncodings = 0;
			knownRegions = (
				en,
			);
			mainGroup = 2D59929C181D1B470006A177;
			productRefGroup = 2D5992A8181D1B780006A177 /* Products */;
			projectDirPath = "";
			projectRoot = "";
			targets = (
				2D5992A6181D1B780006A177 /* Terminal */,
			);
		};
/* End PBXProject section */

/* Begin PBXSourcesBuildPhase section */
		2D5992A3181D1B780006A177 /* Sources */ = {
			isa = PBXSourcesBuildPhase;
			buildActionMask = 2147483647;
			files = (
				2D3C78EE1834701400259D3E /* NSMutableDictionary+RASqlite.m in Sources */,
				2D5992BC181D26610006A177 /* RASqlite.m in Sources */,
				2D3C78F11834707B00259D3E /* NSDictionary+RASqlite.m in Sources */,
				2DE1B55118281C5500CF85B2 /* RATerminalModel.m in Sources */,
				2DF94A8318332B75004F6D8E /* NSError+RASqlite.m in Sources */,
				2D5992AE181D1B780006A177 /* main.m in Sources */,
			);
			runOnlyForDeploymentPostprocessing = 0;
		};
/* End PBXSourcesBuildPhase section */

/* Begin XCBuildConfiguration section */
		2D5992A1181D1B470006A177 /* Debug */ = {
			isa = XCBuildConfiguration;
			buildSettings = {
			};
			name = Debug;
		};
		2D5992A2181D1B470006A177 /* Release */ = {
			isa = XCBuildConfiguration;
			buildSettings = {
			};
			name = Release;
		};
		2D5992B4181D1B780006A177 /* Debug */ = {
			isa = XCBuildConfiguration;
			buildSettings = {
				ALWAYS_SEARCH_USER_PATHS = NO;
				CLANG_CXX_LANGUAGE_STANDARD = "gnu++0x";
				CLANG_CXX_LIBRARY = "libc++";
				CLANG_ENABLE_OBJC_ARC = YES;
				CLANG_WARN_BOOL_CONVERSION = YES;
				CLANG_WARN_CONSTANT_CONVERSION = YES;
				CLANG_WARN_DIRECT_OBJC_ISA_USAGE = YES_ERROR;
				CLANG_WARN_EMPTY_BODY = YES;
				CLANG_WARN_ENUM_CONVERSION = YES;
				CLANG_WARN_INT_CONVERSION = YES;
				CLANG_WARN_OBJC_ROOT_CLASS = YES_ERROR;
				CLANG_WARN__DUPLICATE_METHOD_MATCH = YES;
				COPY_PHASE_STRIP = NO;
				GCC_C_LANGUAGE_STANDARD = gnu99;
				GCC_DYNAMIC_NO_PIC = NO;
				GCC_ENABLE_OBJC_EXCEPTIONS = YES;
				GCC_OPTIMIZATION_LEVEL = 0;
				GCC_PRECOMPILE_PREFIX_HEADER = YES;
				GCC_PREFIX_HEADER = "Terminal/Terminal-Prefix.pch";
				GCC_PREPROCESSOR_DEFINITIONS = (
					"DEBUG=1",
					"kRASqliteDebugEnabled=1",
					"$(inherited)",
				);
				GCC_SYMBOLS_PRIVATE_EXTERN = NO;
				GCC_WARN_64_TO_32_BIT_CONVERSION = YES;
				GCC_WARN_ABOUT_RETURN_TYPE = YES_ERROR;
				GCC_WARN_UNDECLARED_SELECTOR = YES;
				GCC_WARN_UNINITIALIZED_AUTOS = YES;
				GCC_WARN_UNUSED_FUNCTION = YES;
				GCC_WARN_UNUSED_VARIABLE = YES;
				MACOSX_DEPLOYMENT_TARGET = 10.8;
				ONLY_ACTIVE_ARCH = YES;
				PRODUCT_NAME = "$(TARGET_NAME)";
				SDKROOT = macosx;
			};
			name = Debug;
		};
		2D5992B5181D1B780006A177 /* Release */ = {
			isa = XCBuildConfiguration;
			buildSettings = {
				ALWAYS_SEARCH_USER_PATHS = NO;
				CLANG_CXX_LANGUAGE_STANDARD = "gnu++0x";
				CLANG_CXX_LIBRARY = "libc++";
				CLANG_ENABLE_OBJC_ARC = YES;
				CLANG_WARN_BOOL_CONVERSION = YES;
				CLANG_WARN_CONSTANT_CONVERSION = YES;
				CLANG_WARN_DIRECT_OBJC_ISA_USAGE = YES_ERROR;
				CLANG_WARN_EMPTY_BODY = YES;
				CLANG_WARN_ENUM_CONVERSION = YES;
				CLANG_WARN_INT_CONVERSION = YES;
				CLANG_WARN_OBJC_ROOT_CLASS = YES_ERROR;
				CLANG_WARN__DUPLICATE_METHOD_MATCH = YES;
				COPY_PHASE_STRIP = YES;
				DEBUG_INFORMATION_FORMAT = "dwarf-with-dsym";
				ENABLE_NS_ASSERTIONS = NO;
				GCC_C_LANGUAGE_STANDARD = gnu99;
				GCC_ENABLE_OBJC_EXCEPTIONS = YES;
				GCC_PRECOMPILE_PREFIX_HEADER = YES;
				GCC_PREFIX_HEADER = "Terminal/Terminal-Prefix.pch";
				GCC_WARN_64_TO_32_BIT_CONVERSION = YES;
				GCC_WARN_ABOUT_RETURN_TYPE = YES_ERROR;
				GCC_WARN_UNDECLARED_SELECTOR = YES;
				GCC_WARN_UNINITIALIZED_AUTOS = YES;
				GCC_WARN_UNUSED_FUNCTION = YES;
				GCC_WARN_UNUSED_VARIABLE = YES;
				MACOSX_DEPLOYMENT_TARGET = 10.8;
				PRODUCT_NAME = "$(TARGET_NAME)";
				SDKROOT = macosx;
			};
			name = Release;
		};
/* End XCBuildConfiguration section */

/* Begin XCConfigurationList section */
		2D5992A0181D1B470006A177 /* Build configuration list for PBXProject "RASqlite" */ = {
			isa = XCConfigurationList;
			buildConfigurations = (
				2D5992A1181D1B470006A177 /* Debug */,
				2D5992A2181D1B470006A177 /* Release */,
			);
			defaultConfigurationIsVisible = 0;
			defaultConfigurationName = Release;
		};
		2D5992B3181D1B780006A177 /* Build configuration list for PBXNativeTarget "Terminal" */ = {
			isa = XCConfigurationList;
			buildConfigurations = (
				2D5992B4181D1B780006A177 /* Debug */,
				2D5992B5181D1B780006A177 /* Release */,
			);
			defaultConfigurationIsVisible = 0;
			defaultConfigurationName = Release;
		};
/* End XCConfigurationList section */
	};
	rootObject = 2D59929D181D1B470006A177 /* Project object */;
}
